// !$*UTF8*$!
{
	archiveVersion = 1;
	classes = {
	};
	objectVersion = 46;
	objects = {

/* Begin PBXBuildFile section */
		6FB3FAC51C289B0A00EE1672 /* main.m in Sources */ = {isa = PBXBuildFile; fileRef = 6FB3FAC41C289B0A00EE1672 /* main.m */; };
		6FB3FAC81C289B0A00EE1672 /* AppDelegate.m in Sources */ = {isa = PBXBuildFile; fileRef = 6FB3FAC71C289B0A00EE1672 /* AppDelegate.m */; };
		6FB3FACB1C289B0A00EE1672 /* ViewController.m in Sources */ = {isa = PBXBuildFile; fileRef = 6FB3FACA1C289B0A00EE1672 /* ViewController.m */; };
		6FB3FACE1C289B0A00EE1672 /* Main.storyboard in Resources */ = {isa = PBXBuildFile; fileRef = 6FB3FACC1C289B0A00EE1672 /* Main.storyboard */; };
		6FB3FAD01C289B0A00EE1672 /* Assets.xcassets in Resources */ = {isa = PBXBuildFile; fileRef = 6FB3FACF1C289B0A00EE1672 /* Assets.xcassets */; };
		6FB3FAD31C289B0A00EE1672 /* LaunchScreen.storyboard in Resources */ = {isa = PBXBuildFile; fileRef = 6FB3FAD11C289B0A00EE1672 /* LaunchScreen.storyboard */; };
		6FB3FADE1C289B0A00EE1672 /* Test1Tests.m in Sources */ = {isa = PBXBuildFile; fileRef = 6FB3FADD1C289B0A00EE1672 /* Test1Tests.m */; };
		6FB3FAE91C289B0A00EE1672 /* Test1UITests.m in Sources */ = {isa = PBXBuildFile; fileRef = 6FB3FAE81C289B0A00EE1672 /* Test1UITests.m */; };
/* End PBXBuildFile section */

/* Begin PBXContainerItemProxy section */
		6FB3FADA1C289B0A00EE1672 /* PBXContainerItemProxy */ = {
			isa = PBXContainerItemProxy;
			containerPortal = 6FB3FAB81C289B0A00EE1672 /* Project object */;
			proxyType = 1;
			remoteGlobalIDString = 6FB3FABF1C289B0A00EE1672;
			remoteInfo = Test1;
		};
		6FB3FAE51C289B0A00EE1672 /* PBXContainerItemProxy */ = {
			isa = PBXContainerItemProxy;
			containerPortal = 6FB3FAB81C289B0A00EE1672 /* Project object */;
			proxyType = 1;
			remoteGlobalIDString = 6FB3FABF1C289B0A00EE1672;
			remoteInfo = Test1;
		};
/* End PBXContainerItemProxy section */

/* Begin PBXFileReference section */
		6FB3FAC01C289B0A00EE1672 /* Test1.app */ = {isa = PBXFileReference; explicitFileType = wrapper.application; includeInIndex = 0; path = Test1.app; sourceTree = BUILT_PRODUCTS_DIR; };
		6FB3FAC41C289B0A00EE1672 /* main.m */ = {isa = PBXFileReference; lastKnownFileType = sourcecode.c.objc; path = main.m; sourceTree = "<group>"; };
		6FB3FAC61C289B0A00EE1672 /* AppDelegate.h */ = {isa = PBXFileReference; lastKnownFileType = sourcecode.c.h; path = AppDelegate.h; sourceTree = "<group>"; };
		6FB3FAC71C289B0A00EE1672 /* AppDelegate.m */ = {isa = PBXFileReference; lastKnownFileType = sourcecode.c.objc; path = AppDelegate.m; sourceTree = "<group>"; };
		6FB3FAC91C289B0A00EE1672 /* ViewController.h */ = {isa = PBXFileReference; lastKnownFileType = sourcecode.c.h; path = ViewController.h; sourceTree = "<group>"; };
		6FB3FACA1C289B0A00EE1672 /* ViewController.m */ = {isa = PBXFileReference; lastKnownFileType = sourcecode.c.objc; path = ViewController.m; sourceTree = "<group>"; };
		6FB3FACD1C289B0A00EE1672 /* Base */ = {isa = PBXFileReference; lastKnownFileType = file.storyboard; name = Base; path = Base.lproj/Main.storyboard; sourceTree = "<group>"; };
		6FB3FACF1C289B0A00EE1672 /* Assets.xcassets */ = {isa = PBXFileReference; lastKnownFileType = folder.assetcatalog; path = Assets.xcassets; sourceTree = "<group>"; };
		6FB3FAD21C289B0A00EE1672 /* Base */ = {isa = PBXFileReference; lastKnownFileType = file.storyboard; name = Base; path = Base.lproj/LaunchScreen.storyboard; sourceTree = "<group>"; };
		6FB3FAD41C289B0A00EE1672 /* Info.plist */ = {isa = PBXFileReference; lastKnownFileType = text.plist.xml; path = Info.plist; sourceTree = "<group>"; };
		6FB3FAD91C289B0A00EE1672 /* Test1Tests.xctest */ = {isa = PBXFileReference; explicitFileType = wrapper.cfbundle; includeInIndex = 0; path = Test1Tests.xctest; sourceTree = BUILT_PRODUCTS_DIR; };
		6FB3FADD1C289B0A00EE1672 /* Test1Tests.m */ = {isa = PBXFileReference; lastKnownFileType = sourcecode.c.objc; path = Test1Tests.m; sourceTree = "<group>"; };
		6FB3FADF1C289B0A00EE1672 /* Info.plist */ = {isa = PBXFileReference; lastKnownFileType = text.plist.xml; path = Info.plist; sourceTree = "<group>"; };
		6FB3FAE41C289B0A00EE1672 /* Test1UITests.xctest */ = {isa = PBXFileReference; explicitFileType = wrapper.cfbundle; includeInIndex = 0; path = Test1UITests.xctest; sourceTree = BUILT_PRODUCTS_DIR; };
		6FB3FAE81C289B0A00EE1672 /* Test1UITests.m */ = {isa = PBXFileReference; lastKnownFileType = sourcecode.c.objc; path = Test1UITests.m; sourceTree = "<group>"; };
		6FB3FAEA1C289B0A00EE1672 /* Info.plist */ = {isa = PBXFileReference; lastKnownFileType = text.plist.xml; path = Info.plist; sourceTree = "<group>"; };
/* End PBXFileReference section */

/* Begin PBXFrameworksBuildPhase section */
		6FB3FABD1C289B0A00EE1672 /* Frameworks */ = {
			isa = PBXFrameworksBuildPhase;
			buildActionMask = 2147483647;
			files = (
			);
			runOnlyForDeploymentPostprocessing = 0;
		};
		6FB3FAD61C289B0A00EE1672 /* Frameworks */ = {
			isa = PBXFrameworksBuildPhase;
			buildActionMask = 2147483647;
			files = (
			);
			runOnlyForDeploymentPostprocessing = 0;
		};
		6FB3FAE11C289B0A00EE1672 /* Frameworks */ = {
			isa = PBXFrameworksBuildPhase;
			buildActionMask = 2147483647;
			files = (
			);
			runOnlyForDeploymentPostprocessing = 0;
		};
/* End PBXFrameworksBuildPhase section */

/* Begin PBXGroup section */
		6FB3FAB71C289B0A00EE1672 = {
			isa = PBXGroup;
			children = (
				6FB3FAC21C289B0A00EE1672 /* Test1 */,
				6FB3FADC1C289B0A00EE1672 /* Test1Tests */,
				6FB3FAE71C289B0A00EE1672 /* Test1UITests */,
				6FB3FAC11C289B0A00EE1672 /* Products */,
			);
			sourceTree = "<group>";
		};
		6FB3FAC11C289B0A00EE1672 /* Products */ = {
			isa = PBXGroup;
			children = (
				6FB3FAC01C289B0A00EE1672 /* Test1.app */,
				6FB3FAD91C289B0A00EE1672 /* Test1Tests.xctest */,
				6FB3FAE41C289B0A00EE1672 /* Test1UITests.xctest */,
			);
			name = Products;
			sourceTree = "<group>";
		};
		6FB3FAC21C289B0A00EE1672 /* Test1 */ = {
			isa = PBXGroup;
			children = (
				6FB3FAC61C289B0A00EE1672 /* AppDelegate.h */,
				6FB3FAC71C289B0A00EE1672 /* AppDelegate.m */,
				6FB3FAC91C289B0A00EE1672 /* ViewController.h */,
				6FB3FACA1C289B0A00EE1672 /* ViewController.m */,
				6FB3FACC1C289B0A00EE1672 /* Main.storyboard */,
				6FB3FACF1C289B0A00EE1672 /* Assets.xcassets */,
				6FB3FAD11C289B0A00EE1672 /* LaunchScreen.storyboard */,
				6FB3FAD41C289B0A00EE1672 /* Info.plist */,
				6FB3FAC31C289B0A00EE1672 /* Supporting Files */,
			);
			path = Test1;
			sourceTree = "<group>";
		};
		6FB3FAC31C289B0A00EE1672 /* Supporting Files */ = {
			isa = PBXGroup;
			children = (
				6FB3FAC41C289B0A00EE1672 /* main.m */,
			);
			name = "Supporting Files";
			sourceTree = "<group>";
		};
		6FB3FADC1C289B0A00EE1672 /* Test1Tests */ = {
			isa = PBXGroup;
			children = (
				6FB3FADD1C289B0A00EE1672 /* Test1Tests.m */,
				6FB3FADF1C289B0A00EE1672 /* Info.plist */,
			);
			path = Test1Tests;
			sourceTree = "<group>";
		};
		6FB3FAE71C289B0A00EE1672 /* Test1UITests */ = {
			isa = PBXGroup;
			children = (
				6FB3FAE81C289B0A00EE1672 /* Test1UITests.m */,
				6FB3FAEA1C289B0A00EE1672 /* Info.plist */,
			);
			path = Test1UITests;
			sourceTree = "<group>";
		};
/* End PBXGroup section */

/* Begin PBXNativeTarget section */
		6FB3FABF1C289B0A00EE1672 /* Test1 */ = {
			isa = PBXNativeTarget;
			buildConfigurationList = 6FB3FAED1C289B0A00EE1672 /* Build configuration list for PBXNativeTarget "Test1" */;
			buildPhases = (
				6FB3FABC1C289B0A00EE1672 /* Sources */,
				6FB3FABD1C289B0A00EE1672 /* Frameworks */,
				6FB3FABE1C289B0A00EE1672 /* Resources */,
			);
			buildRules = (
			);
			dependencies = (
			);
			name = Test1;
			productName = Test1;
			productReference = 6FB3FAC01C289B0A00EE1672 /* Test1.app */;
			productType = "com.apple.product-type.application";
		};
		6FB3FAD81C289B0A00EE1672 /* Test1Tests */ = {
			isa = PBXNativeTarget;
			buildConfigurationList = 6FB3FAF01C289B0A00EE1672 /* Build configuration list for PBXNativeTarget "Test1Tests" */;
			buildPhases = (
				6FB3FAD51C289B0A00EE1672 /* Sources */,
				6FB3FAD61C289B0A00EE1672 /* Frameworks */,
				6FB3FAD71C289B0A00EE1672 /* Resources */,
			);
			buildRules = (
			);
			dependencies = (
				6FB3FADB1C289B0A00EE1672 /* PBXTargetDependency */,
			);
			name = Test1Tests;
			productName = Test1Tests;
			productReference = 6FB3FAD91C289B0A00EE1672 /* Test1Tests.xctest */;
			productType = "com.apple.product-type.bundle.unit-test";
		};
		6FB3FAE31C289B0A00EE1672 /* Test1UITests */ = {
			isa = PBXNativeTarget;
			buildConfigurationList = 6FB3FAF31C289B0A00EE1672 /* Build configuration list for PBXNativeTarget "Test1UITests" */;
			buildPhases = (
				6FB3FAE01C289B0A00EE1672 /* Sources */,
				6FB3FAE11C289B0A00EE1672 /* Frameworks */,
				6FB3FAE21C289B0A00EE1672 /* Resources */,
			);
			buildRules = (
			);
			dependencies = (
				6FB3FAE61C289B0A00EE1672 /* PBXTargetDependency */,
			);
			name = Test1UITests;
			productName = Test1UITests;
			productReference = 6FB3FAE41C289B0A00EE1672 /* Test1UITests.xctest */;
			productType = "com.apple.product-type.bundle.ui-testing";
		};
/* End PBXNativeTarget section */

/* Begin PBXProject section */
		6FB3FAB81C289B0A00EE1672 /* Project object */ = {
			isa = PBXProject;
			attributes = {
				LastUpgradeCheck = 0720;
				ORGANIZATIONNAME = Nadam;
				TargetAttributes = {
					6FB3FABF1C289B0A00EE1672 = {
						CreatedOnToolsVersion = 7.2;
					};
					6FB3FAD81C289B0A00EE1672 = {
						CreatedOnToolsVersion = 7.2;
						TestTargetID = 6FB3FABF1C289B0A00EE1672;
					};
					6FB3FAE31C289B0A00EE1672 = {
						CreatedOnToolsVersion = 7.2;
						TestTargetID = 6FB3FABF1C289B0A00EE1672;
					};
				};
			};
			buildConfigurationList = 6FB3FABB1C289B0A00EE1672 /* Build configuration list for PBXProject "Test1" */;
			compatibilityVersion = "Xcode 3.2";
			developmentRegion = English;
			hasScannedForEncodings = 0;
			knownRegions = (
				en,
				Base,
			);
			mainGroup = 6FB3FAB71C289B0A00EE1672;
			productRefGroup = 6FB3FAC11C289B0A00EE1672 /* Products */;
			projectDirPath = "";
			projectRoot = "";
			targets = (
				6FB3FABF1C289B0A00EE1672 /* Test1 */,
				6FB3FAD81C289B0A00EE1672 /* Test1Tests */,
				6FB3FAE31C289B0A00EE1672 /* Test1UITests */,
			);
		};
/* End PBXProject section */

/* Begin PBXResourcesBuildPhase section */
		6FB3FABE1C289B0A00EE1672 /* Resources */ = {
			isa = PBXResourcesBuildPhase;
			buildActionMask = 2147483647;
			files = (
				6FB3FAD31C289B0A00EE1672 /* LaunchScreen.storyboard in Resources */,
				6FB3FAD01C289B0A00EE1672 /* Assets.xcassets in Resources */,
				6FB3FACE1C289B0A00EE1672 /* Main.storyboard in Resources */,
			);
			runOnlyForDeploymentPostprocessing = 0;
		};
		6FB3FAD71C289B0A00EE1672 /* Resources */ = {
			isa = PBXResourcesBuildPhase;
			buildActionMask = 2147483647;
			files = (
			);
			runOnlyForDeploymentPostprocessing = 0;
		};
		6FB3FAE21C289B0A00EE1672 /* Resources */ = {
			isa = PBXResourcesBuildPhase;
			buildActionMask = 2147483647;
			files = (
			);
			runOnlyForDeploymentPostprocessing = 0;
		};
/* End PBXResourcesBuildPhase section */

/* Begin PBXSourcesBuildPhase section */
		6FB3FABC1C289B0A00EE1672 /* Sources */ = {
			isa = PBXSourcesBuildPhase;
			buildActionMask = 2147483647;
			files = (
				6FB3FACB1C289B0A00EE1672 /* ViewController.m in Sources */,
				6FB3FAC81C289B0A00EE1672 /* AppDelegate.m in Sources */,
				6FB3FAC51C289B0A00EE1672 /* main.m in Sources */,
			);
			runOnlyForDeploymentPostprocessing = 0;
		};
		6FB3FAD51C289B0A00EE1672 /* Sources */ = {
			isa = PBXSourcesBuildPhase;
			buildActionMask = 2147483647;
			files = (
				6FB3FADE1C289B0A00EE1672 /* Test1Tests.m in Sources */,
			);
			runOnlyForDeploymentPostprocessing = 0;
		};
		6FB3FAE01C289B0A00EE1672 /* Sources */ = {
			isa = PBXSourcesBuildPhase;
			buildActionMask = 2147483647;
			files = (
				6FB3FAE91C289B0A00EE1672 /* Test1UITests.m in Sources */,
			);
			runOnlyForDeploymentPostprocessing = 0;
		};
/* End PBXSourcesBuildPhase section */

/* Begin PBXTargetDependency section */
		6FB3FADB1C289B0A00EE1672 /* PBXTargetDependency */ = {
			isa = PBXTargetDependency;
			target = 6FB3FABF1C289B0A00EE1672 /* Test1 */;
			targetProxy = 6FB3FADA1C289B0A00EE1672 /* PBXContainerItemProxy */;
		};
		6FB3FAE61C289B0A00EE1672 /* PBXTargetDependency */ = {
			isa = PBXTargetDependency;
			target = 6FB3FABF1C289B0A00EE1672 /* Test1 */;
			targetProxy = 6FB3FAE51C289B0A00EE1672 /* PBXContainerItemProxy */;
		};
/* End PBXTargetDependency section */

/* Begin PBXVariantGroup section */
		6FB3FACC1C289B0A00EE1672 /* Main.storyboard */ = {
			isa = PBXVariantGroup;
			children = (
				6FB3FACD1C289B0A00EE1672 /* Base */,
			);
			name = Main.storyboard;
			sourceTree = "<group>";
		};
		6FB3FAD11C289B0A00EE1672 /* LaunchScreen.storyboard */ = {
			isa = PBXVariantGroup;
			children = (
				6FB3FAD21C289B0A00EE1672 /* Base */,
			);
			name = LaunchScreen.storyboard;
			sourceTree = "<group>";
		};
/* End PBXVariantGroup section */

/* Begin XCBuildConfiguration section */
		6FB3FAEB1C289B0A00EE1672 /* Debug */ = {
			isa = XCBuildConfiguration;
			buildSettings = {
				ALWAYS_SEARCH_USER_PATHS = NO;
				CLANG_CXX_LANGUAGE_STANDARD = "gnu++0x";
				CLANG_CXX_LIBRARY = "libc++";
				CLANG_ENABLE_MODULES = YES;
				CLANG_ENABLE_OBJC_ARC = YES;
				CLANG_WARN_BOOL_CONVERSION = YES;
				CLANG_WARN_CONSTANT_CONVERSION = YES;
				CLANG_WARN_DIRECT_OBJC_ISA_USAGE = YES_ERROR;
				CLANG_WARN_EMPTY_BODY = YES;
				CLANG_WARN_ENUM_CONVERSION = YES;
				CLANG_WARN_INT_CONVERSION = YES;
				CLANG_WARN_OBJC_ROOT_CLASS = YES_ERROR;
				CLANG_WARN_UNREACHABLE_CODE = YES;
				CLANG_WARN__DUPLICATE_METHOD_MATCH = YES;
				"CODE_SIGN_IDENTITY[sdk=iphoneos*]" = "iPhone Developer";
				COPY_PHASE_STRIP = NO;
				DEBUG_INFORMATION_FORMAT = dwarf;
				ENABLE_STRICT_OBJC_MSGSEND = YES;
				ENABLE_TESTABILITY = YES;
				GCC_C_LANGUAGE_STANDARD = gnu99;
				GCC_DYNAMIC_NO_PIC = NO;
				GCC_NO_COMMON_BLOCKS = YES;
				GCC_OPTIMIZATION_LEVEL = 0;
				GCC_PREPROCESSOR_DEFINITIONS = (
					"DEBUG=1",
					"$(inherited)",
				);
				GCC_WARN_64_TO_32_BIT_CONVERSION = YES;
				GCC_WARN_ABOUT_RETURN_TYPE = YES_ERROR;
				GCC_WARN_UNDECLARED_SELECTOR = YES;
				GCC_WARN_UNINITIALIZED_AUTOS = YES_AGGRESSIVE;
				GCC_WARN_UNUSED_FUNCTION = YES;
				GCC_WARN_UNUSED_VARIABLE = YES;
				IPHONEOS_DEPLOYMENT_TARGET = 9.2;
				MTL_ENABLE_DEBUG_INFO = YES;
				ONLY_ACTIVE_ARCH = YES;
				SDKROOT = iphoneos;
			};
			name = Debug;
		};
		6FB3FAEC1C289B0A00EE1672 /* Release */ = {
			isa = XCBuildConfiguration;
			buildSettings = {
				ALWAYS_SEARCH_USER_PATHS = NO;
				CLANG_CXX_LANGUAGE_STANDARD = "gnu++0x";
				CLANG_CXX_LIBRARY = "libc++";
				CLANG_ENABLE_MODULES = YES;
				CLANG_ENABLE_OBJC_ARC = YES;
				CLANG_WARN_BOOL_CONVERSION = YES;
				CLANG_WARN_CONSTANT_CONVERSION = YES;
				CLANG_WARN_DIRECT_OBJC_ISA_USAGE = YES_ERROR;
				CLANG_WARN_EMPTY_BODY = YES;
				CLANG_WARN_ENUM_CONVERSION = YES;
				CLANG_WARN_INT_CONVERSION = YES;
				CLANG_WARN_OBJC_ROOT_CLASS = YES_ERROR;
				CLANG_WARN_UNREACHABLE_CODE = YES;
				CLANG_WARN__DUPLICATE_METHOD_MATCH = YES;
				"CODE_SIGN_IDENTITY[sdk=iphoneos*]" = "iPhone Developer";
				COPY_PHASE_STRIP = NO;
				DEBUG_INFORMATION_FORMAT = "dwarf-with-dsym";
				ENABLE_NS_ASSERTIONS = NO;
				ENABLE_STRICT_OBJC_MSGSEND = YES;
				GCC_C_LANGUAGE_STANDARD = gnu99;
				GCC_NO_COMMON_BLOCKS = YES;
				GCC_WARN_64_TO_32_BIT_CONVERSION = YES;
				GCC_WARN_ABOUT_RETURN_TYPE = YES_ERROR;
				GCC_WARN_UNDECLARED_SELECTOR = YES;
				GCC_WARN_UNINITIALIZED_AUTOS = YES_AGGRESSIVE;
				GCC_WARN_UNUSED_FUNCTION = YES;
				GCC_WARN_UNUSED_VARIABLE = YES;
				IPHONEOS_DEPLOYMENT_TARGET = 9.2;
				MTL_ENABLE_DEBUG_INFO = NO;
				SDKROOT = iphoneos;
				VALIDATE_PRODUCT = YES;
			};
			name = Release;
		};
		6FB3FAEE1C289B0A00EE1672 /* Debug */ = {
			isa = XCBuildConfiguration;
			buildSettings = {
				ASSETCATALOG_COMPILER_APPICON_NAME = AppIcon;
				INFOPLIST_FILE = Test1/Info.plist;
				LD_RUNPATH_SEARCH_PATHS = "$(inherited) @executable_path/Frameworks";
				PRODUCT_BUNDLE_IDENTIFIER = com.Nadam.Test1;
				PRODUCT_NAME = "$(TARGET_NAME)";
			};
			name = Debug;
		};
		6FB3FAEF1C289B0A00EE1672 /* Release */ = {
			isa = XCBuildConfiguration;
			buildSettings = {
				ASSETCATALOG_COMPILER_APPICON_NAME = AppIcon;
				INFOPLIST_FILE = Test1/Info.plist;
				LD_RUNPATH_SEARCH_PATHS = "$(inherited) @executable_path/Frameworks";
				PRODUCT_BUNDLE_IDENTIFIER = com.Nadam.Test1;
				PRODUCT_NAME = "$(TARGET_NAME)";
			};
			name = Release;
		};
		6FB3FAF11C289B0A00EE1672 /* Debug */ = {
			isa = XCBuildConfiguration;
			buildSettings = {
				BUNDLE_LOADER = "$(TEST_HOST)";
				INFOPLIST_FILE = Test1Tests/Info.plist;
				LD_RUNPATH_SEARCH_PATHS = "$(inherited) @executable_path/Frameworks @loader_path/Frameworks";
				PRODUCT_BUNDLE_IDENTIFIER = com.Nadam.Test1Tests;
				PRODUCT_NAME = "$(TARGET_NAME)";
				TEST_HOST = "$(BUILT_PRODUCTS_DIR)/Test1.app/Test1";
			};
			name = Debug;
		};
		6FB3FAF21C289B0A00EE1672 /* Release */ = {
			isa = XCBuildConfiguration;
			buildSettings = {
				BUNDLE_LOADER = "$(TEST_HOST)";
				INFOPLIST_FILE = Test1Tests/Info.plist;
				LD_RUNPATH_SEARCH_PATHS = "$(inherited) @executable_path/Frameworks @loader_path/Frameworks";
				PRODUCT_BUNDLE_IDENTIFIER = com.Nadam.Test1Tests;
				PRODUCT_NAME = "$(TARGET_NAME)";
				TEST_HOST = "$(BUILT_PRODUCTS_DIR)/Test1.app/Test1";
			};
			name = Release;
		};
		6FB3FAF41C289B0A00EE1672 /* Debug */ = {
			isa = XCBuildConfiguration;
			buildSettings = {
				INFOPLIST_FILE = Test1UITests/Info.plist;
				LD_RUNPATH_SEARCH_PATHS = "$(inherited) @executable_path/Frameworks @loader_path/Frameworks";
				PRODUCT_BUNDLE_IDENTIFIER = com.Nadam.Test1UITests;
				PRODUCT_NAME = "$(TARGET_NAME)";
				TEST_TARGET_NAME = Test1;
				USES_XCTRUNNER = YES;
			};
			name = Debug;
		};
		6FB3FAF51C289B0A00EE1672 /* Release */ = {
			isa = XCBuildConfiguration;
			buildSettings = {
				INFOPLIST_FILE = Test1UITests/Info.plist;
				LD_RUNPATH_SEARCH_PATHS = "$(inherited) @executable_path/Frameworks @loader_path/Frameworks";
				PRODUCT_BUNDLE_IDENTIFIER = com.Nadam.Test1UITests;
				PRODUCT_NAME = "$(TARGET_NAME)";
				TEST_TARGET_NAME = Test1;
				USES_XCTRUNNER = YES;
			};
			name = Release;
		};
/* End XCBuildConfiguration section */

/* Begin XCConfigurationList section */
		6FB3FABB1C289B0A00EE1672 /* Build configuration list for PBXProject "Test1" */ = {
			isa = XCConfigurationList;
			buildConfigurations = (
				6FB3FAEB1C289B0A00EE1672 /* Debug */,
				6FB3FAEC1C289B0A00EE1672 /* Release */,
			);
			defaultConfigurationIsVisible = 0;
			defaultConfigurationName = Release;
		};
		6FB3FAED1C289B0A00EE1672 /* Build configuration list for PBXNativeTarget "Test1" */ = {
			isa = XCConfigurationList;
			buildConfigurations = (
				6FB3FAEE1C289B0A00EE1672 /* Debug */,
				6FB3FAEF1C289B0A00EE1672 /* Release */,
			);
			defaultConfigurationIsVisible = 0;
		};
		6FB3FAF01C289B0A00EE1672 /* Build configuration list for PBXNativeTarget "Test1Tests" */ = {
			isa = XCConfigurationList;
			buildConfigurations = (
				6FB3FAF11C289B0A00EE1672 /* Debug */,
				6FB3FAF21C289B0A00EE1672 /* Release */,
			);
			defaultConfigurationIsVisible = 0;
		};
		6FB3FAF31C289B0A00EE1672 /* Build configuration list for PBXNativeTarget "Test1UITests" */ = {
			isa = XCConfigurationList;
			buildConfigurations = (
				6FB3FAF41C289B0A00EE1672 /* Debug */,
				6FB3FAF51C289B0A00EE1672 /* Release */,
			);
			defaultConfigurationIsVisible = 0;
		};
/* End XCConfigurationList section */
	};
	rootObject = 6FB3FAB81C289B0A00EE1672 /* Project object */;
}
